// !$*UTF8*$!
{
	archiveVersion = 1;
	classes = {
	};
	objectVersion = 50;
	objects = {

/* Begin PBXBuildFile section */
		1E4B2F01211D6886004E23EB /* AppDelegate.m in Sources */ = {isa = PBXBuildFile; fileRef = 1E4B2F00211D6886004E23EB /* AppDelegate.m */; };
		1E4B2F04211D6886004E23EB /* ViewController.m in Sources */ = {isa = PBXBuildFile; fileRef = 1E4B2F03211D6886004E23EB /* ViewController.m */; };
		1E4B2F07211D6886004E23EB /* Main.storyboard in Resources */ = {isa = PBXBuildFile; fileRef = 1E4B2F05211D6886004E23EB /* Main.storyboard */; };
		1E4B2F09211D6888004E23EB /* Assets.xcassets in Resources */ = {isa = PBXBuildFile; fileRef = 1E4B2F08211D6888004E23EB /* Assets.xcassets */; };
		1E4B2F0C211D6888004E23EB /* LaunchScreen.storyboard in Resources */ = {isa = PBXBuildFile; fileRef = 1E4B2F0A211D6888004E23EB /* LaunchScreen.storyboard */; };
		1E4B2F0F211D6888004E23EB /* main.m in Sources */ = {isa = PBXBuildFile; fileRef = 1E4B2F0E211D6888004E23EB /* main.m */; };
		1E4B2F16211D68B9004E23EB /* 几个你_薛之谦.aac in Resources */ = {isa = PBXBuildFile; fileRef = 1E4B2F15211D68B9004E23EB /* 几个你_薛之谦.aac */; };
/* End PBXBuildFile section */

/* Begin PBXFileReference section */
		1E4B2EFC211D6886004E23EB /* AudioToolPlayer.app */ = {isa = PBXFileReference; explicitFileType = wrapper.application; includeInIndex = 0; path = AudioToolPlayer.app; sourceTree = BUILT_PRODUCTS_DIR; };
		1E4B2EFF211D6886004E23EB /* AppDelegate.h */ = {isa = PBXFileReference; lastKnownFileType = sourcecode.c.h; path = AppDelegate.h; sourceTree = "<group>"; };
		1E4B2F00211D6886004E23EB /* AppDelegate.m */ = {isa = PBXFileReference; lastKnownFileType = sourcecode.c.objc; path = AppDelegate.m; sourceTree = "<group>"; };
		1E4B2F02211D6886004E23EB /* ViewController.h */ = {isa = PBXFileReference; lastKnownFileType = sourcecode.c.h; path = ViewController.h; sourceTree = "<group>"; };
		1E4B2F03211D6886004E23EB /* ViewController.m */ = {isa = PBXFileReference; lastKnownFileType = sourcecode.c.objc; path = ViewController.m; sourceTree = "<group>"; };
		1E4B2F06211D6886004E23EB /* Base */ = {isa = PBXFileReference; lastKnownFileType = file.storyboard; name = Base; path = Base.lproj/Main.storyboard; sourceTree = "<group>"; };
		1E4B2F08211D6888004E23EB /* Assets.xcassets */ = {isa = PBXFileReference; lastKnownFileType = folder.assetcatalog; path = Assets.xcassets; sourceTree = "<group>"; };
		1E4B2F0B211D6888004E23EB /* Base */ = {isa = PBXFileReference; lastKnownFileType = file.storyboard; name = Base; path = Base.lproj/LaunchScreen.storyboard; sourceTree = "<group>"; };
		1E4B2F0D211D6888004E23EB /* Info.plist */ = {isa = PBXFileReference; lastKnownFileType = text.plist.xml; path = Info.plist; sourceTree = "<group>"; };
		1E4B2F0E211D6888004E23EB /* main.m */ = {isa = PBXFileReference; lastKnownFileType = sourcecode.c.objc; path = main.m; sourceTree = "<group>"; };
		1E4B2F15211D68B9004E23EB /* 几个你_薛之谦.aac */ = {isa = PBXFileReference; lastKnownFileType = file; path = "几个你_薛之谦.aac"; sourceTree = "<group>"; };
/* End PBXFileReference section */

/* Begin PBXFrameworksBuildPhase section */
		1E4B2EF9211D6886004E23EB /* Frameworks */ = {
			isa = PBXFrameworksBuildPhase;
			buildActionMask = 2147483647;
			files = (
			);
			runOnlyForDeploymentPostprocessing = 0;
		};
/* End PBXFrameworksBuildPhase section */

/* Begin PBXGroup section */
		1E4B2EF3211D6886004E23EB = {
			isa = PBXGroup;
			children = (
				1E4B2EFE211D6886004E23EB /* AudioToolPlayer */,
				1E4B2EFD211D6886004E23EB /* Products */,
			);
			sourceTree = "<group>";
		};
		1E4B2EFD211D6886004E23EB /* Products */ = {
			isa = PBXGroup;
			children = (
				1E4B2EFC211D6886004E23EB /* AudioToolPlayer.app */,
			);
			name = Products;
			sourceTree = "<group>";
		};
		1E4B2EFE211D6886004E23EB /* AudioToolPlayer */ = {
			isa = PBXGroup;
			children = (
				1E4B2F15211D68B9004E23EB /* 几个你_薛之谦.aac */,
				1E4B2EFF211D6886004E23EB /* AppDelegate.h */,
				1E4B2F00211D6886004E23EB /* AppDelegate.m */,
				1E4B2F02211D6886004E23EB /* ViewController.h */,
				1E4B2F03211D6886004E23EB /* ViewController.m */,
				1E4B2F05211D6886004E23EB /* Main.storyboard */,
				1E4B2F08211D6888004E23EB /* Assets.xcassets */,
				1E4B2F0A211D6888004E23EB /* LaunchScreen.storyboard */,
				1E4B2F0D211D6888004E23EB /* Info.plist */,
				1E4B2F0E211D6888004E23EB /* main.m */,
			);
			path = AudioToolPlayer;
			sourceTree = "<group>";
		};
/* End PBXGroup section */

/* Begin PBXNativeTarget section */
		1E4B2EFB211D6886004E23EB /* AudioToolPlayer */ = {
			isa = PBXNativeTarget;
			buildConfigurationList = 1E4B2F12211D6888004E23EB /* Build configuration list for PBXNativeTarget "AudioToolPlayer" */;
			buildPhases = (
				1E4B2EF8211D6886004E23EB /* Sources */,
				1E4B2EF9211D6886004E23EB /* Frameworks */,
				1E4B2EFA211D6886004E23EB /* Resources */,
			);
			buildRules = (
			);
			dependencies = (
			);
			name = AudioToolPlayer;
			productName = AudioToolPlayer;
			productReference = 1E4B2EFC211D6886004E23EB /* AudioToolPlayer.app */;
			productType = "com.apple.product-type.application";
		};
/* End PBXNativeTarget section */

/* Begin PBXProject section */
		1E4B2EF4211D6886004E23EB /* Project object */ = {
			isa = PBXProject;
			attributes = {
				LastUpgradeCheck = 0940;
				ORGANIZATIONNAME = gaoguangxiao;
				TargetAttributes = {
					1E4B2EFB211D6886004E23EB = {
						CreatedOnToolsVersion = 9.4.1;
					};
				};
			};
			buildConfigurationList = 1E4B2EF7211D6886004E23EB /* Build configuration list for PBXProject "AudioToolPlayer" */;
			compatibilityVersion = "Xcode 9.3";
			developmentRegion = en;
			hasScannedForEncodings = 0;
			knownRegions = (
				en,
				Base,
			);
			mainGroup = 1E4B2EF3211D6886004E23EB;
			productRefGroup = 1E4B2EFD211D6886004E23EB /* Products */;
			projectDirPath = "";
			projectRoot = "";
			targets = (
				1E4B2EFB211D6886004E23EB /* AudioToolPlayer */,
			);
		};
/* End PBXProject section */

/* Begin PBXResourcesBuildPhase section */
		1E4B2EFA211D6886004E23EB /* Resources */ = {
			isa = PBXResourcesBuildPhase;
			buildActionMask = 2147483647;
			files = (
				1E4B2F0C211D6888004E23EB /* LaunchScreen.storyboard in Resources */,
				1E4B2F09211D6888004E23EB /* Assets.xcassets in Resources */,
				1E4B2F07211D6886004E23EB /* Main.storyboard in Resources */,
				1E4B2F16211D68B9004E23EB /* 几个你_薛之谦.aac in Resources */,
			);
			runOnlyForDeploymentPostprocessing = 0;
		};
/* End PBXResourcesBuildPhase section */

/* Begin PBXSourcesBuildPhase section */
		1E4B2EF8211D6886004E23EB /* Sources */ = {
			isa = PBXSourcesBuildPhase;
			buildActionMask = 2147483647;
			files = (
				1E4B2F04211D6886004E23EB /* ViewController.m in Sources */,
				1E4B2F0F211D6888004E23EB /* main.m in Sources */,
				1E4B2F01211D6886004E23EB /* AppDelegate.m in Sources */,
			);
			runOnlyForDeploymentPostprocessing = 0;
		};
/* End PBXSourcesBuildPhase section */

/* Begin PBXVariantGroup section */
		1E4B2F05211D6886004E23EB /* Main.storyboard */ = {
			isa = PBXVariantGroup;
			children = (
				1E4B2F06211D6886004E23EB /* Base */,
			);
			name = Main.storyboard;
			sourceTree = "<group>";
		};
		1E4B2F0A211D6888004E23EB /* LaunchScreen.storyboard */ = {
			isa = PBXVariantGroup;
			children = (
				1E4B2F0B211D6888004E23EB /* Base */,
			);
			name = LaunchScreen.storyboard;
			sourceTree = "<group>";
		};
/* End PBXVariantGroup section */

/* Begin XCBuildConfiguration section */
		1E4B2F10211D6888004E23EB /* Debug */ = {
			isa = XCBuildConfiguration;
			buildSettings = {
				ALWAYS_SEARCH_USER_PATHS = NO;
				CLANG_ANALYZER_NONNULL = YES;
				CLANG_ANALYZER_NUMBER_OBJECT_CONVERSION = YES_AGGRESSIVE;
				CLANG_CXX_LANGUAGE_STANDARD = "gnu++14";
				CLANG_CXX_LIBRARY = "libc++";
				CLANG_ENABLE_MODULES = YES;
				CLANG_ENABLE_OBJC_ARC = YES;
				CLANG_ENABLE_OBJC_WEAK = YES;
				CLANG_WARN_BLOCK_CAPTURE_AUTORELEASING = YES;
				CLANG_WARN_BOOL_CONVERSION = YES;
				CLANG_WARN_COMMA = YES;
				CLANG_WARN_CONSTANT_CONVERSION = YES;
				CLANG_WARN_DEPRECATED_OBJC_IMPLEMENTATIONS = YES;
				CLANG_WARN_DIRECT_OBJC_ISA_USAGE = YES_ERROR;
				CLANG_WARN_DOCUMENTATION_COMMENTS = YES;
				CLANG_WARN_EMPTY_BODY = YES;
				CLANG_WARN_ENUM_CONVERSION = YES;
				CLANG_WARN_INFINITE_RECURSION = YES;
				CLANG_WARN_INT_CONVERSION = YES;
				CLANG_WARN_NON_LITERAL_NULL_CONVERSION = YES;
				CLANG_WARN_OBJC_IMPLICIT_RETAIN_SELF = YES;
				CLANG_WARN_OBJC_LITERAL_CONVERSION = YES;
				CLANG_WARN_OBJC_ROOT_CLASS = YES_ERROR;
				CLANG_WARN_RANGE_LOOP_ANALYSIS = YES;
				CLANG_WARN_STRICT_PROTOTYPES = YES;
				CLANG_WARN_SUSPICIOUS_MOVE = YES;
				CLANG_WARN_UNGUARDED_AVAILABILITY = YES_AGGRESSIVE;
				CLANG_WARN_UNREACHABLE_CODE = YES;
				CLANG_WARN__DUPLICATE_METHOD_MATCH = YES;
				CODE_SIGN_IDENTITY = "iPhone Developer";
				COPY_PHASE_STRIP = NO;
				DEBUG_INFORMATION_FORMAT = dwarf;
				ENABLE_STRICT_OBJC_MSGSEND = YES;
				ENABLE_TESTABILITY = YES;
				GCC_C_LANGUAGE_STANDARD = gnu11;
				GCC_DYNAMIC_NO_PIC = NO;
				GCC_NO_COMMON_BLOCKS = YES;
				GCC_OPTIMIZATION_LEVEL = 0;
				GCC_PREPROCESSOR_DEFINITIONS = (
					"DEBUG=1",
					"$(inherited)",
				);
				GCC_WARN_64_TO_32_BIT_CONVERSION = YES;
				GCC_WARN_ABOUT_RETURN_TYPE = YES_ERROR;
				GCC_WARN_UNDECLARED_SELECTOR = YES;
				GCC_WARN_UNINITIALIZED_AUTOS = YES_AGGRESSIVE;
				GCC_WARN_UNUSED_FUNCTION = YES;
				GCC_WARN_UNUSED_VARIABLE = YES;
				IPHONEOS_DEPLOYMENT_TARGET = 11.4;
				MTL_ENABLE_DEBUG_INFO = YES;
				ONLY_ACTIVE_ARCH = YES;
				SDKROOT = iphoneos;
			};
			name = Debug;
		};
		1E4B2F11211D6888004E23EB /* Release */ = {
			isa = XCBuildConfiguration;
			buildSettings = {
				ALWAYS_SEARCH_USER_PATHS = NO;
				CLANG_ANALYZER_NONNULL = YES;
				CLANG_ANALYZER_NUMBER_OBJECT_CONVERSION = YES_AGGRESSIVE;
				CLANG_CXX_LANGUAGE_STANDARD = "gnu++14";
				CLANG_CXX_LIBRARY = "libc++";
				CLANG_ENABLE_MODULES = YES;
				CLANG_ENABLE_OBJC_ARC = YES;
				CLANG_ENABLE_OBJC_WEAK = YES;
				CLANG_WARN_BLOCK_CAPTURE_AUTORELEASING = YES;
				CLANG_WARN_BOOL_CONVERSION = YES;
				CLANG_WARN_COMMA = YES;
				CLANG_WARN_CONSTANT_CONVERSION = YES;
				CLANG_WARN_DEPRECATED_OBJC_IMPLEMENTATIONS = YES;
				CLANG_WARN_DIRECT_OBJC_ISA_USAGE = YES_ERROR;
				CLANG_WARN_DOCUMENTATION_COMMENTS = YES;
				CLANG_WARN_EMPTY_BODY = YES;
				CLANG_WARN_ENUM_CONVERSION = YES;
				CLANG_WARN_INFINITE_RECURSION = YES;
				CLANG_WARN_INT_CONVERSION = YES;
				CLANG_WARN_NON_LITERAL_NULL_CONVERSION = YES;
				CLANG_WARN_OBJC_IMPLICIT_RETAIN_SELF = YES;
				CLANG_WARN_OBJC_LITERAL_CONVERSION = YES;
				CLANG_WARN_OBJC_ROOT_CLASS = YES_ERROR;
				CLANG_WARN_RANGE_LOOP_ANALYSIS = YES;
				CLANG_WARN_STRICT_PROTOTYPES = YES;
				CLANG_WARN_SUSPICIOUS_MOVE = YES;
				CLANG_WARN_UNGUARDED_AVAILABILITY = YES_AGGRESSIVE;
				CLANG_WARN_UNREACHABLE_CODE = YES;
				CLANG_WARN__DUPLICATE_METHOD_MATCH = YES;
				CODE_SIGN_IDENTITY = "iPhone Developer";
				COPY_PHASE_STRIP = NO;
				DEBUG_INFORMATION_FORMAT = "dwarf-with-dsym";
				ENABLE_NS_ASSERTIONS = NO;
				ENABLE_STRICT_OBJC_MSGSEND = YES;
				GCC_C_LANGUAGE_STANDARD = gnu11;
				GCC_NO_COMMON_BLOCKS = YES;
				GCC_WARN_64_TO_32_BIT_CONVERSION = YES;
				GCC_WARN_ABOUT_RETURN_TYPE = YES_ERROR;
				GCC_WARN_UNDECLARED_SELECTOR = YES;
				GCC_WARN_UNINITIALIZED_AUTOS = YES_AGGRESSIVE;
				GCC_WARN_UNUSED_FUNCTION = YES;
				GCC_WARN_UNUSED_VARIABLE = YES;
				IPHONEOS_DEPLOYMENT_TARGET = 11.4;
				MTL_ENABLE_DEBUG_INFO = NO;
				SDKROOT = iphoneos;
				VALIDATE_PRODUCT = YES;
			};
			name = Release;
		};
		1E4B2F13211D6888004E23EB /* Debug */ = {
			isa = XCBuildConfiguration;
			buildSettings = {
				ASSETCATALOG_COMPILER_APPICON_NAME = AppIcon;
				CODE_SIGN_STYLE = Automatic;
				DEVELOPMENT_TEAM = 75AT72EX89;
				INFOPLIST_FILE = AudioToolPlayer/Info.plist;
				LD_RUNPATH_SEARCH_PATHS = (
					"$(inherited)",
					"@executable_path/Frameworks",
				);
				PRODUCT_BUNDLE_IDENTIFIER = com.NSDateDemo.app.AudioToolPlayer;
				PRODUCT_NAME = "$(TARGET_NAME)";
				TARGETED_DEVICE_FAMILY = "1,2";
			};
			name = Debug;
		};
		1E4B2F14211D6888004E23EB /* Release */ = {
			isa = XCBuildConfiguration;
			buildSettings = {
				ASSETCATALOG_COMPILER_APPICON_NAME = AppIcon;
				CODE_SIGN_STYLE = Automatic;
				DEVELOPMENT_TEAM = 75AT72EX89;
				INFOPLIST_FILE = AudioToolPlayer/Info.plist;
				LD_RUNPATH_SEARCH_PATHS = (
					"$(inherited)",
					"@executable_path/Frameworks",
				);
				PRODUCT_BUNDLE_IDENTIFIER = com.NSDateDemo.app.AudioToolPlayer;
				PRODUCT_NAME = "$(TARGET_NAME)";
				TARGETED_DEVICE_FAMILY = "1,2";
			};
			name = Release;
		};
/* End XCBuildConfiguration section */

/* Begin XCConfigurationList section */
		1E4B2EF7211D6886004E23EB /* Build configuration list for PBXProject "AudioToolPlayer" */ = {
			isa = XCConfigurationList;
			buildConfigurations = (
				1E4B2F10211D6888004E23EB /* Debug */,
				1E4B2F11211D6888004E23EB /* Release */,
			);
			defaultConfigurationIsVisible = 0;
			defaultConfigurationName = Release;
		};
		1E4B2F12211D6888004E23EB /* Build configuration list for PBXNativeTarget "AudioToolPlayer" */ = {
			isa = XCConfigurationList;
			buildConfigurations = (
				1E4B2F13211D6888004E23EB /* Debug */,
				1E4B2F14211D6888004E23EB /* Release */,
			);
			defaultConfigurationIsVisible = 0;
			defaultConfigurationName = Release;
		};
/* End XCConfigurationList section */
	};
	rootObject = 1E4B2EF4211D6886004E23EB /* Project object */;
}
